
Microsoft Visual Studio Solution File, Format Version 12.00
# Visual Studio 15
VisualStudioVersion = 15.0.26114.2
MinimumVisualStudioVersion = 10.0.40219.1
Project("{FAE04EC0-301F-11D3-BF4B-00C04F79EFBC}") = "TracingMiddleware", "TracingMiddleware\TracingMiddleware.csproj", "{A41AC2B3-AF6F-4B1F-9A6A-24758B364C19}"
EndProject
Project("{FAE04EC0-301F-11D3-BF4B-00C04F79EFBC}") = "TracingMiddleware.Tests", "TracingMiddleware.Tests\TracingMiddleware.Tests.csproj", "{1F6E3EEA-C813-4B89-BDF3-E150F15CE09C}"
EndProject
Project("{FAE04EC0-301F-11D3-BF4B-00C04F79EFBC}") = "TracingMiddleware.Demo", "TracingMiddleware.Demo\TracingMiddleware.Demo.csproj", "{AFFAB551-9F2D-49E5-82D6-2B03514B6E29}"
EndProject
Global
	GlobalSection(SolutionConfigurationPlatforms) = preSolution
		Debug|Any CPU = Debug|Any CPU
		Release|Any CPU = Release|Any CPU
	EndGlobalSection
	GlobalSection(ProjectConfigurationPlatforms) = postSolution
		{A41AC2B3-AF6F-4B1F-9A6A-24758B364C19}.Debug|Any CPU.ActiveCfg = Debug|Any CPU
		{A41AC2B3-AF6F-4B1F-9A6A-24758B364C19}.Debug|Any CPU.Build.0 = Debug|Any CPU
		{A41AC2B3-AF6F-4B1F-9A6A-24758B364C19}.Release|Any CPU.ActiveCfg = Release|Any CPU
		{A41AC2B3-AF6F-4B1F-9A6A-24758B364C19}.Release|Any CPU.Build.0 = Release|Any CPU
		{1F6E3EEA-C813-4B89-BDF3-E150F15CE09C}.Debug|Any CPU.ActiveCfg = Debug|Any CPU
		{1F6E3EEA-C813-4B89-BDF3-E150F15CE09C}.Debug|Any CPU.Build.0 = Debug|Any CPU
		{1F6E3EEA-C813-4B89-BDF3-E150F15CE09C}.Release|Any CPU.ActiveCfg = Release|Any CPU
		{1F6E3EEA-C813-4B89-BDF3-E150F15CE09C}.Release|Any CPU.Build.0 = Release|Any CPU
		{AFFAB551-9F2D-49E5-82D6-2B03514B6E29}.Debug|Any CPU.ActiveCfg = Debug|Any CPU
		{AFFAB551-9F2D-49E5-82D6-2B03514B6E29}.Debug|Any CPU.Build.0 = Debug|Any CPU
		{AFFAB551-9F2D-49E5-82D6-2B03514B6E29}.Release|Any CPU.ActiveCfg = Release|Any CPU
		{AFFAB551-9F2D-49E5-82D6-2B03514B6E29}.Release|Any CPU.Build.0 = Release|Any CPU
	EndGlobalSection
	GlobalSection(SolutionProperties) = preSolution
		HideSolutionNode = FALSE
	EndGlobalSection
EndGlobal
